
Microsoft Visual Studio Solution File, Format Version 12.00
# Visual Studio 15
VisualStudioVersion = 15.0.27703.2035
MinimumVisualStudioVersion = 10.0.40219.1
Project("{FAE04EC0-301F-11D3-BF4B-00C04F79EFBC}") = "ExceptionTest", "ExceptionTest\ExceptionTest.csproj", "{44A65771-80CD-4B63-8909-06B58407013B}"
EndProject
Project("{FAE04EC0-301F-11D3-BF4B-00C04F79EFBC}") = "GunDecorations", "GunDecorations\GunDecorations.csproj", "{DF68DD8E-C132-4F90-9ADC-872B80420ABD}"
EndProject
Global
	GlobalSection(SolutionConfigurationPlatforms) = preSolution
		Debug|Any CPU = Debug|Any CPU
		Release|Any CPU = Release|Any CPU
	EndGlobalSection
	GlobalSection(ProjectConfigurationPlatforms) = postSolution
		{44A65771-80CD-4B63-8909-06B58407013B}.Debug|Any CPU.ActiveCfg = Debug|Any CPU
		{44A65771-80CD-4B63-8909-06B58407013B}.Debug|Any CPU.Build.0 = Debug|Any CPU
		{44A65771-80CD-4B63-8909-06B58407013B}.Release|Any CPU.ActiveCfg = Release|Any CPU
		{44A65771-80CD-4B63-8909-06B58407013B}.Release|Any CPU.Build.0 = Release|Any CPU
		{DF68DD8E-C132-4F90-9ADC-872B80420ABD}.Debug|Any CPU.ActiveCfg = Debug|Any CPU
		{DF68DD8E-C132-4F90-9ADC-872B80420ABD}.Debug|Any CPU.Build.0 = Debug|Any CPU
		{DF68DD8E-C132-4F90-9ADC-872B80420ABD}.Release|Any CPU.ActiveCfg = Release|Any CPU
		{DF68DD8E-C132-4F90-9ADC-872B80420ABD}.Release|Any CPU.Build.0 = Release|Any CPU
	EndGlobalSection
	GlobalSection(SolutionProperties) = preSolution
		HideSolutionNode = FALSE
	EndGlobalSection
	GlobalSection(ExtensibilityGlobals) = postSolution
		SolutionGuid = {2DA9F344-1C35-439E-A40A-05A5A7CC402C}
	EndGlobalSection
EndGlobal
