
Microsoft Visual Studio Solution File, Format Version 12.00
# Visual Studio 15
VisualStudioVersion = 15.0.27703.2035
MinimumVisualStudioVersion = 10.0.40219.1
Project("{FAE04EC0-301F-11D3-BF4B-00C04F79EFBC}") = "MyAula06", "MyAula06\MyAula06.csproj", "{A8FA7693-5D9F-4F1F-B96A-4E1BBD308635}"
EndProject
Global
	GlobalSection(SolutionConfigurationPlatforms) = preSolution
		Debug|Any CPU = Debug|Any CPU
		Release|Any CPU = Release|Any CPU
	EndGlobalSection
	GlobalSection(ProjectConfigurationPlatforms) = postSolution
		{A8FA7693-5D9F-4F1F-B96A-4E1BBD308635}.Debug|Any CPU.ActiveCfg = Debug|Any CPU
		{A8FA7693-5D9F-4F1F-B96A-4E1BBD308635}.Debug|Any CPU.Build.0 = Debug|Any CPU
		{A8FA7693-5D9F-4F1F-B96A-4E1BBD308635}.Release|Any CPU.ActiveCfg = Release|Any CPU
		{A8FA7693-5D9F-4F1F-B96A-4E1BBD308635}.Release|Any CPU.Build.0 = Release|Any CPU
	EndGlobalSection
	GlobalSection(SolutionProperties) = preSolution
		HideSolutionNode = FALSE
	EndGlobalSection
	GlobalSection(ExtensibilityGlobals) = postSolution
		SolutionGuid = {5A77CFFB-1D61-4DEA-8D07-DD03EC31ACCD}
	EndGlobalSection
EndGlobal
